
Microsoft Visual Studio Solution File, Format Version 12.00
# Visual Studio 15
VisualStudioVersion = 15.0.28010.2003
MinimumVisualStudioVersion = 10.0.40219.1
Project("{FAE04EC0-301F-11D3-BF4B-00C04F79EFBC}") = "DotNetAngularVoterEnrollmentForm", "DotNetAngularVoterEnrollmentForm\DotNetAngularVoterEnrollmentForm.csproj", "{1C36B7C4-25BD-4964-AF4B-D8D58ED4F7BE}"
EndProject
Global
	GlobalSection(SolutionConfigurationPlatforms) = preSolution
		Debug|Any CPU = Debug|Any CPU
		Release|Any CPU = Release|Any CPU
	EndGlobalSection
	GlobalSection(ProjectConfigurationPlatforms) = postSolution
		{1C36B7C4-25BD-4964-AF4B-D8D58ED4F7BE}.Debug|Any CPU.ActiveCfg = Debug|Any CPU
		{1C36B7C4-25BD-4964-AF4B-D8D58ED4F7BE}.Debug|Any CPU.Build.0 = Debug|Any CPU
		{1C36B7C4-25BD-4964-AF4B-D8D58ED4F7BE}.Release|Any CPU.ActiveCfg = Release|Any CPU
		{1C36B7C4-25BD-4964-AF4B-D8D58ED4F7BE}.Release|Any CPU.Build.0 = Release|Any CPU
	EndGlobalSection
	GlobalSection(SolutionProperties) = preSolution
		HideSolutionNode = FALSE
	EndGlobalSection
	GlobalSection(ExtensibilityGlobals) = postSolution
		SolutionGuid = {93498BF1-A2D1-4CBE-9246-276730D3E8DE}
	EndGlobalSection
EndGlobal
